// !$*UTF8*$!
{
	archiveVersion = 1;
	classes = {
	};
	objectVersion = 56;
	objects = {

/* Begin PBXBuildFile section */
		46358EE6E1E047219244307E /* AppDelegate.swift in Sources */ = {isa = PBXBuildFile; fileRef = 47F3467158064505A09EC062 /* AppDelegate.swift */; };
		E96C7129972D4276AEA4E746 /* TheVaultApp.swift in Sources */ = {isa = PBXBuildFile; fileRef = B3168A6F5F104DA8842AC472 /* TheVaultApp.swift */; };
		41167CE134414742BF3EC1FD /* MediaDrag.swift in Sources */ = {isa = PBXBuildFile; fileRef = 3A460536548F46438FF2A641 /* MediaDrag.swift */; };
		7ED1901348F1485B80F99B5A /* MediaDragSource.swift in Sources */ = {isa = PBXBuildFile; fileRef = B89D9A65BD9845ADAD323A84 /* MediaDragSource.swift */; };
		910BE09643E94958BB03DBA9 /* AIContentTagger.swift in Sources */ = {isa = PBXBuildFile; fileRef = B04E729097944132ABFAAFCB /* AIContentTagger.swift */; };
		10B66DDFDC4A40BFA9F49AC9 /* AIEnrichmentService.swift in Sources */ = {isa = PBXBuildFile; fileRef = 183BF586F3F64784B1C630CA /* AIEnrichmentService.swift */; };
		26A3A5CA38C840E78A064CBA /* AnalysisService.swift in Sources */ = {isa = PBXBuildFile; fileRef = C9251D5EB8684705A7137222 /* AnalysisService.swift */; };
		C4B8DB51BEC84E46B0B4F049 /* AudioAnalyzer.swift in Sources */ = {isa = PBXBuildFile; fileRef = 59C12F0D7C054199A1F32751 /* AudioAnalyzer.swift */; };
		3666228435064FEC8AD86704 /* ClaudeContentTagger.swift in Sources */ = {isa = PBXBuildFile; fileRef = 6175E5D4423F4B7EBD486C79 /* ClaudeContentTagger.swift */; };
		2F8004F5194C424EBA4B1450 /* IngestionService.swift in Sources */ = {isa = PBXBuildFile; fileRef = 24E382A3110F4B2FB7B3C2FC /* IngestionService.swift */; };
		57E6074AE110474DAEBAD0B6 /* MetadataExtractor.swift in Sources */ = {isa = PBXBuildFile; fileRef = 761E5ED0B71E4D558F04DDC8 /* MetadataExtractor.swift */; };
		13DB4001A9EE414FB7CDD176 /* OnDeviceAnalyzer.swift in Sources */ = {isa = PBXBuildFile; fileRef = CC80F4C804D9493B84018BD9 /* OnDeviceAnalyzer.swift */; };
		CC5EA510A9CE4EFBA258DD6E /* ReverseGeocoder.swift in Sources */ = {isa = PBXBuildFile; fileRef = BA6EA1FAADDE4FEB9AE301B9 /* ReverseGeocoder.swift */; };
		CB5F3C49A4344800BCF25563 /* ThumbnailService.swift in Sources */ = {isa = PBXBuildFile; fileRef = 7143F684197F43C49D781D1F /* ThumbnailService.swift */; };
		6C20E10889DB47A29E75D3D4 /* VolumeMonitor.swift in Sources */ = {isa = PBXBuildFile; fileRef = E36B6788944D496B86D25CB9 /* VolumeMonitor.swift */; };
		65583DBF1B5C44609CE17FAC /* MediaAnalysis.swift in Sources */ = {isa = PBXBuildFile; fileRef = A98786D1A81E486194F92060 /* MediaAnalysis.swift */; };
		7D9CED3D301447A6A506FBDA /* MediaFilter.swift in Sources */ = {isa = PBXBuildFile; fileRef = 1818983AC0FC4BFBB84DE2C6 /* MediaFilter.swift */; };
		DE60F99FAA9340DF89EE3E7A /* MediaItem.swift in Sources */ = {isa = PBXBuildFile; fileRef = FE09D310222B429E9B11D9C7 /* MediaItem.swift */; };
		EAF3C9D4C271425BA14DB107 /* Project.swift in Sources */ = {isa = PBXBuildFile; fileRef = F4E2BE5368DB4CA991F2AF6B /* Project.swift */; };
		FDA9A8631A2B493E97C2BBFD /* Source.swift in Sources */ = {isa = PBXBuildFile; fileRef = FD0EFDE8B2D647CD96D35192 /* Source.swift */; };
		21855AD0464F46AA9E7DBA11 /* Tag.swift in Sources */ = {isa = PBXBuildFile; fileRef = 60FA101C769C43FB83442E76 /* Tag.swift */; };
		A7944268C70549408627BE7F /* VaultDatabase.swift in Sources */ = {isa = PBXBuildFile; fileRef = 1B8343BBE92B4BD785D5C073 /* VaultDatabase.swift */; };
		6FF6F1745F9248F0864996BC /* AppSettings.swift in Sources */ = {isa = PBXBuildFile; fileRef = 7824012508DA4FEABDA0DA6C /* AppSettings.swift */; };
		C6C4A9D9B96640B0AB59FC4F /* LibraryStore.swift in Sources */ = {isa = PBXBuildFile; fileRef = 78B6B7110BC04D97B7DFE661 /* LibraryStore.swift */; };
		300BC45EE260480D862895B1 /* UIState.swift in Sources */ = {isa = PBXBuildFile; fileRef = AC98DBD1155E42A19EFF8228 /* UIState.swift */; };
		C016084AA1294F57B5595CD9 /* Extensions.swift in Sources */ = {isa = PBXBuildFile; fileRef = CDD18EEDC7B84007935BD730 /* Extensions.swift */; };
		82298429EB62407EB2465C96 /* KeychainStore.swift in Sources */ = {isa = PBXBuildFile; fileRef = 6329AF8C950E467E8497A04A /* KeychainStore.swift */; };
		214E2624F4554DD99584D887 /* Theme.swift in Sources */ = {isa = PBXBuildFile; fileRef = 9ACAB4DFFDD5476BAD3C95D1 /* Theme.swift */; };
		135915F0059040ECBEC018DD /* ContentView.swift in Sources */ = {isa = PBXBuildFile; fileRef = 34E8E02854B04DC9AC70AA7C /* ContentView.swift */; };
		9E99F97B285E482BBD5D2FFF /* BatchActionBar.swift in Sources */ = {isa = PBXBuildFile; fileRef = C1FC2CE91B35489692CD59D8 /* BatchActionBar.swift */; };
		B1851B1AAF03453CA9C5907A /* MapBrowserView.swift in Sources */ = {isa = PBXBuildFile; fileRef = 2C359C57DBFD4EE88978B688 /* MapBrowserView.swift */; };
		0BB611332EBF4D65A5238052 /* MediaContextMenu.swift in Sources */ = {isa = PBXBuildFile; fileRef = FA1C5A0AD60B4ACAA95886E6 /* MediaContextMenu.swift */; };
		70B879016BF549EFB68D6009 /* MediaGridView.swift in Sources */ = {isa = PBXBuildFile; fileRef = 240DDE6D4A18460AA630B30D /* MediaGridView.swift */; };
		FBC46631FCBF4F7CA4389807 /* MediaThumbnailView.swift in Sources */ = {isa = PBXBuildFile; fileRef = B07AA22D60414E5E9BD0A813 /* MediaThumbnailView.swift */; };
		57A2AA051C3E4DF692B08A0B /* TimelineView.swift in Sources */ = {isa = PBXBuildFile; fileRef = F3FB5D64393A4F52986B31E1 /* TimelineView.swift */; };
		4F70C9861C7C4ACDB7568D09 /* FlowLayout.swift in Sources */ = {isa = PBXBuildFile; fileRef = 78F61848F68C4F25BE683D2E /* FlowLayout.swift */; };
		ABF8F1CAC33A490B898387DD /* RenameSourceSheet.swift in Sources */ = {isa = PBXBuildFile; fileRef = 7D5940C480A847AFB850B38B /* RenameSourceSheet.swift */; };
		2D299A8109B543599FEE3756 /* SourcePicker.swift in Sources */ = {isa = PBXBuildFile; fileRef = B24874994D514EEB8507B534 /* SourcePicker.swift */; };
		F129FC16143345F3A739A9F7 /* StatusBar.swift in Sources */ = {isa = PBXBuildFile; fileRef = F5666D9F1B8645179F75BFEB /* StatusBar.swift */; };
		E46D3E15C73A4A928FD7767D /* VaultToolbar.swift in Sources */ = {isa = PBXBuildFile; fileRef = 4507A730E6D442BE85FB1A49 /* VaultToolbar.swift */; };
		04E855815BAE42C7819B06B5 /* DetailComponents.swift in Sources */ = {isa = PBXBuildFile; fileRef = DEE7DB3937A0401A8C97E19B /* DetailComponents.swift */; };
		A9A7436F01D5499284B0D7BB /* DetailPanel.swift in Sources */ = {isa = PBXBuildFile; fileRef = AC0C963ED12E4A32A1C2AD16 /* DetailPanel.swift */; };
		B4CF27BD7DAD46E2B8C329B0 /* FilterBar.swift in Sources */ = {isa = PBXBuildFile; fileRef = CF52BB1D2E894031B46BA025 /* FilterBar.swift */; };
		1D42454C309F454BB0EC6AD0 /* HomeView.swift in Sources */ = {isa = PBXBuildFile; fileRef = D54AB5ECFB0B4A56BDFF11FA /* HomeView.swift */; };
		FB0C9160FC93426EBCD2EFE0 /* NewProjectSheet.swift in Sources */ = {isa = PBXBuildFile; fileRef = 25745BEF81AD49C7B6838B9E /* NewProjectSheet.swift */; };
		D4961DDB633A495EAEA92846 /* ProjectView.swift in Sources */ = {isa = PBXBuildFile; fileRef = C39F930D47BE4529B96D064A /* ProjectView.swift */; };
		FBDFBB48066348E7A3067DB0 /* SettingsView.swift in Sources */ = {isa = PBXBuildFile; fileRef = B429EFE967F147C39EC9BF6C /* SettingsView.swift */; };
		8ADA75E3E1FF4730904D21AB /* SidebarView.swift in Sources */ = {isa = PBXBuildFile; fileRef = D6E1837531C649248B1E66E3 /* SidebarView.swift */; };
		EFE1EC7BA9F240B3B1B8E703 /* Assets.xcassets in Resources */ = {isa = PBXBuildFile; fileRef = 8A048B74E86D4A2BA9234B6C /* Assets.xcassets */; };
/* End PBXBuildFile section */

/* Begin PBXFileReference section */
		47F3467158064505A09EC062 /* AppDelegate.swift */ = {isa = PBXFileReference; lastKnownFileType = sourcecode.swift; path = "AppDelegate.swift"; sourceTree = "<group>"; };
		B3168A6F5F104DA8842AC472 /* TheVaultApp.swift */ = {isa = PBXFileReference; lastKnownFileType = sourcecode.swift; path = "TheVaultApp.swift"; sourceTree = "<group>"; };
		EF88563FEB094B81BFE528D8 /* TheVault.entitlements */ = {isa = PBXFileReference; lastKnownFileType = text.plist.entitlements; path = "TheVault.entitlements"; sourceTree = "<group>"; };
		3A460536548F46438FF2A641 /* MediaDrag.swift */ = {isa = PBXFileReference; lastKnownFileType = sourcecode.swift; path = "MediaDrag.swift"; sourceTree = "<group>"; };
		B89D9A65BD9845ADAD323A84 /* MediaDragSource.swift */ = {isa = PBXFileReference; lastKnownFileType = sourcecode.swift; path = "MediaDragSource.swift"; sourceTree = "<group>"; };
		B04E729097944132ABFAAFCB /* AIContentTagger.swift */ = {isa = PBXFileReference; lastKnownFileType = sourcecode.swift; path = "AIContentTagger.swift"; sourceTree = "<group>"; };
		183BF586F3F64784B1C630CA /* AIEnrichmentService.swift */ = {isa = PBXFileReference; lastKnownFileType = sourcecode.swift; path = "AIEnrichmentService.swift"; sourceTree = "<group>"; };
		C9251D5EB8684705A7137222 /* AnalysisService.swift */ = {isa = PBXFileReference; lastKnownFileType = sourcecode.swift; path = "AnalysisService.swift"; sourceTree = "<group>"; };
		59C12F0D7C054199A1F32751 /* AudioAnalyzer.swift */ = {isa = PBXFileReference; lastKnownFileType = sourcecode.swift; path = "AudioAnalyzer.swift"; sourceTree = "<group>"; };
		6175E5D4423F4B7EBD486C79 /* ClaudeContentTagger.swift */ = {isa = PBXFileReference; lastKnownFileType = sourcecode.swift; path = "ClaudeContentTagger.swift"; sourceTree = "<group>"; };
		24E382A3110F4B2FB7B3C2FC /* IngestionService.swift */ = {isa = PBXFileReference; lastKnownFileType = sourcecode.swift; path = "IngestionService.swift"; sourceTree = "<group>"; };
		761E5ED0B71E4D558F04DDC8 /* MetadataExtractor.swift */ = {isa = PBXFileReference; lastKnownFileType = sourcecode.swift; path = "MetadataExtractor.swift"; sourceTree = "<group>"; };
		CC80F4C804D9493B84018BD9 /* OnDeviceAnalyzer.swift */ = {isa = PBXFileReference; lastKnownFileType = sourcecode.swift; path = "OnDeviceAnalyzer.swift"; sourceTree = "<group>"; };
		BA6EA1FAADDE4FEB9AE301B9 /* ReverseGeocoder.swift */ = {isa = PBXFileReference; lastKnownFileType = sourcecode.swift; path = "ReverseGeocoder.swift"; sourceTree = "<group>"; };
		7143F684197F43C49D781D1F /* ThumbnailService.swift */ = {isa = PBXFileReference; lastKnownFileType = sourcecode.swift; path = "ThumbnailService.swift"; sourceTree = "<group>"; };
		E36B6788944D496B86D25CB9 /* VolumeMonitor.swift */ = {isa = PBXFileReference; lastKnownFileType = sourcecode.swift; path = "VolumeMonitor.swift"; sourceTree = "<group>"; };
		A98786D1A81E486194F92060 /* MediaAnalysis.swift */ = {isa = PBXFileReference; lastKnownFileType = sourcecode.swift; path = "MediaAnalysis.swift"; sourceTree = "<group>"; };
		1818983AC0FC4BFBB84DE2C6 /* MediaFilter.swift */ = {isa = PBXFileReference; lastKnownFileType = sourcecode.swift; path = "MediaFilter.swift"; sourceTree = "<group>"; };
		FE09D310222B429E9B11D9C7 /* MediaItem.swift */ = {isa = PBXFileReference; lastKnownFileType = sourcecode.swift; path = "MediaItem.swift"; sourceTree = "<group>"; };
		F4E2BE5368DB4CA991F2AF6B /* Project.swift */ = {isa = PBXFileReference; lastKnownFileType = sourcecode.swift; path = "Project.swift"; sourceTree = "<group>"; };
		FD0EFDE8B2D647CD96D35192 /* Source.swift */ = {isa = PBXFileReference; lastKnownFileType = sourcecode.swift; path = "Source.swift"; sourceTree = "<group>"; };
		60FA101C769C43FB83442E76 /* Tag.swift */ = {isa = PBXFileReference; lastKnownFileType = sourcecode.swift; path = "Tag.swift"; sourceTree = "<group>"; };
		1B8343BBE92B4BD785D5C073 /* VaultDatabase.swift */ = {isa = PBXFileReference; lastKnownFileType = sourcecode.swift; path = "VaultDatabase.swift"; sourceTree = "<group>"; };
		7824012508DA4FEABDA0DA6C /* AppSettings.swift */ = {isa = PBXFileReference; lastKnownFileType = sourcecode.swift; path = "AppSettings.swift"; sourceTree = "<group>"; };
		78B6B7110BC04D97B7DFE661 /* LibraryStore.swift */ = {isa = PBXFileReference; lastKnownFileType = sourcecode.swift; path = "LibraryStore.swift"; sourceTree = "<group>"; };
		AC98DBD1155E42A19EFF8228 /* UIState.swift */ = {isa = PBXFileReference; lastKnownFileType = sourcecode.swift; path = "UIState.swift"; sourceTree = "<group>"; };
		CDD18EEDC7B84007935BD730 /* Extensions.swift */ = {isa = PBXFileReference; lastKnownFileType = sourcecode.swift; path = "Extensions.swift"; sourceTree = "<group>"; };
		6329AF8C950E467E8497A04A /* KeychainStore.swift */ = {isa = PBXFileReference; lastKnownFileType = sourcecode.swift; path = "KeychainStore.swift"; sourceTree = "<group>"; };
		9ACAB4DFFDD5476BAD3C95D1 /* Theme.swift */ = {isa = PBXFileReference; lastKnownFileType = sourcecode.swift; path = "Theme.swift"; sourceTree = "<group>"; };
		34E8E02854B04DC9AC70AA7C /* ContentView.swift */ = {isa = PBXFileReference; lastKnownFileType = sourcecode.swift; path = "ContentView.swift"; sourceTree = "<group>"; };
		C1FC2CE91B35489692CD59D8 /* BatchActionBar.swift */ = {isa = PBXFileReference; lastKnownFileType = sourcecode.swift; path = "BatchActionBar.swift"; sourceTree = "<group>"; };
		2C359C57DBFD4EE88978B688 /* MapBrowserView.swift */ = {isa = PBXFileReference; lastKnownFileType = sourcecode.swift; path = "MapBrowserView.swift"; sourceTree = "<group>"; };
		FA1C5A0AD60B4ACAA95886E6 /* MediaContextMenu.swift */ = {isa = PBXFileReference; lastKnownFileType = sourcecode.swift; path = "MediaContextMenu.swift"; sourceTree = "<group>"; };
		240DDE6D4A18460AA630B30D /* MediaGridView.swift */ = {isa = PBXFileReference; lastKnownFileType = sourcecode.swift; path = "MediaGridView.swift"; sourceTree = "<group>"; };
		B07AA22D60414E5E9BD0A813 /* MediaThumbnailView.swift */ = {isa = PBXFileReference; lastKnownFileType = sourcecode.swift; path = "MediaThumbnailView.swift"; sourceTree = "<group>"; };
		F3FB5D64393A4F52986B31E1 /* TimelineView.swift */ = {isa = PBXFileReference; lastKnownFileType = sourcecode.swift; path = "TimelineView.swift"; sourceTree = "<group>"; };
		78F61848F68C4F25BE683D2E /* FlowLayout.swift */ = {isa = PBXFileReference; lastKnownFileType = sourcecode.swift; path = "FlowLayout.swift"; sourceTree = "<group>"; };
		7D5940C480A847AFB850B38B /* RenameSourceSheet.swift */ = {isa = PBXFileReference; lastKnownFileType = sourcecode.swift; path = "RenameSourceSheet.swift"; sourceTree = "<group>"; };
		B24874994D514EEB8507B534 /* SourcePicker.swift */ = {isa = PBXFileReference; lastKnownFileType = sourcecode.swift; path = "SourcePicker.swift"; sourceTree = "<group>"; };
		F5666D9F1B8645179F75BFEB /* StatusBar.swift */ = {isa = PBXFileReference; lastKnownFileType = sourcecode.swift; path = "StatusBar.swift"; sourceTree = "<group>"; };
		4507A730E6D442BE85FB1A49 /* VaultToolbar.swift */ = {isa = PBXFileReference; lastKnownFileType = sourcecode.swift; path = "VaultToolbar.swift"; sourceTree = "<group>"; };
		DEE7DB3937A0401A8C97E19B /* DetailComponents.swift */ = {isa = PBXFileReference; lastKnownFileType = sourcecode.swift; path = "DetailComponents.swift"; sourceTree = "<group>"; };
		AC0C963ED12E4A32A1C2AD16 /* DetailPanel.swift */ = {isa = PBXFileReference; lastKnownFileType = sourcecode.swift; path = "DetailPanel.swift"; sourceTree = "<group>"; };
		CF52BB1D2E894031B46BA025 /* FilterBar.swift */ = {isa = PBXFileReference; lastKnownFileType = sourcecode.swift; path = "FilterBar.swift"; sourceTree = "<group>"; };
		D54AB5ECFB0B4A56BDFF11FA /* HomeView.swift */ = {isa = PBXFileReference; lastKnownFileType = sourcecode.swift; path = "HomeView.swift"; sourceTree = "<group>"; };
		25745BEF81AD49C7B6838B9E /* NewProjectSheet.swift */ = {isa = PBXFileReference; lastKnownFileType = sourcecode.swift; path = "NewProjectSheet.swift"; sourceTree = "<group>"; };
		C39F930D47BE4529B96D064A /* ProjectView.swift */ = {isa = PBXFileReference; lastKnownFileType = sourcecode.swift; path = "ProjectView.swift"; sourceTree = "<group>"; };
		B429EFE967F147C39EC9BF6C /* SettingsView.swift */ = {isa = PBXFileReference; lastKnownFileType = sourcecode.swift; path = "SettingsView.swift"; sourceTree = "<group>"; };
		D6E1837531C649248B1E66E3 /* SidebarView.swift */ = {isa = PBXFileReference; lastKnownFileType = sourcecode.swift; path = "SidebarView.swift"; sourceTree = "<group>"; };
		8A048B74E86D4A2BA9234B6C /* Assets.xcassets */ = {isa = PBXFileReference; lastKnownFileType = folder.assetcatalog; path = "Assets.xcassets"; sourceTree = "<group>"; };
		0CD9A81617C9451887FBB0E2 /* The Vault.app */ = {isa = PBXFileReference; explicitFileType = wrapper.application; includeInIndex = 0; path = "The Vault.app"; sourceTree = BUILT_PRODUCTS_DIR; };
/* End PBXFileReference section */

/* Begin PBXFrameworksBuildPhase section */
		2A2BE985B0B943F0841BD5E3 /* Frameworks */ = {
			isa = PBXFrameworksBuildPhase;
			buildActionMask = 2147483647;
			files = (
			);
			runOnlyForDeploymentPostprocessing = 0;
		};
/* End PBXFrameworksBuildPhase section */

/* Begin PBXGroup section */
		666616953C134DE18EB19183 /* DragDrop */ = {
			isa = PBXGroup;
			children = (
				3A460536548F46438FF2A641 /* MediaDrag.swift */,
				B89D9A65BD9845ADAD323A84 /* MediaDragSource.swift */,
			);
			path = "DragDrop";
			sourceTree = "<group>";
		};
		961CB672195A47DFABD10292 /* Ingestion */ = {
			isa = PBXGroup;
			children = (
				B04E729097944132ABFAAFCB /* AIContentTagger.swift */,
				183BF586F3F64784B1C630CA /* AIEnrichmentService.swift */,
				C9251D5EB8684705A7137222 /* AnalysisService.swift */,
				59C12F0D7C054199A1F32751 /* AudioAnalyzer.swift */,
				6175E5D4423F4B7EBD486C79 /* ClaudeContentTagger.swift */,
				24E382A3110F4B2FB7B3C2FC /* IngestionService.swift */,
				761E5ED0B71E4D558F04DDC8 /* MetadataExtractor.swift */,
				CC80F4C804D9493B84018BD9 /* OnDeviceAnalyzer.swift */,
				BA6EA1FAADDE4FEB9AE301B9 /* ReverseGeocoder.swift */,
				7143F684197F43C49D781D1F /* ThumbnailService.swift */,
				E36B6788944D496B86D25CB9 /* VolumeMonitor.swift */,
			);
			path = "Ingestion";
			sourceTree = "<group>";
		};
		C403EE39E8F444D1858EA87C /* Models */ = {
			isa = PBXGroup;
			children = (
				A98786D1A81E486194F92060 /* MediaAnalysis.swift */,
				1818983AC0FC4BFBB84DE2C6 /* MediaFilter.swift */,
				FE09D310222B429E9B11D9C7 /* MediaItem.swift */,
				F4E2BE5368DB4CA991F2AF6B /* Project.swift */,
				FD0EFDE8B2D647CD96D35192 /* Source.swift */,
				60FA101C769C43FB83442E76 /* Tag.swift */,
			);
			path = "Models";
			sourceTree = "<group>";
		};
		67709FECBE1D49EFBDCEB95A /* Persistence */ = {
			isa = PBXGroup;
			children = (
				1B8343BBE92B4BD785D5C073 /* VaultDatabase.swift */,
			);
			path = "Persistence";
			sourceTree = "<group>";
		};
		98F8B2CD981C4570A7752415 /* Resources */ = {
			isa = PBXGroup;
			children = (
				8A048B74E86D4A2BA9234B6C /* Assets.xcassets */,
			);
			path = "Resources";
			sourceTree = "<group>";
		};
		EF7D3D857D4B456084CA8720 /* Stores */ = {
			isa = PBXGroup;
			children = (
				7824012508DA4FEABDA0DA6C /* AppSettings.swift */,
				78B6B7110BC04D97B7DFE661 /* LibraryStore.swift */,
				AC98DBD1155E42A19EFF8228 /* UIState.swift */,
			);
			path = "Stores";
			sourceTree = "<group>";
		};
		D7C0E1876F474422BAB2105E /* Utilities */ = {
			isa = PBXGroup;
			children = (
				CDD18EEDC7B84007935BD730 /* Extensions.swift */,
				6329AF8C950E467E8497A04A /* KeychainStore.swift */,
				9ACAB4DFFDD5476BAD3C95D1 /* Theme.swift */,
			);
			path = "Utilities";
			sourceTree = "<group>";
		};
		5149B1A5F9AF4043A1382CFA /* Browser */ = {
			isa = PBXGroup;
			children = (
				C1FC2CE91B35489692CD59D8 /* BatchActionBar.swift */,
				2C359C57DBFD4EE88978B688 /* MapBrowserView.swift */,
				FA1C5A0AD60B4ACAA95886E6 /* MediaContextMenu.swift */,
				240DDE6D4A18460AA630B30D /* MediaGridView.swift */,
				B07AA22D60414E5E9BD0A813 /* MediaThumbnailView.swift */,
				F3FB5D64393A4F52986B31E1 /* TimelineView.swift */,
			);
			path = "Browser";
			sourceTree = "<group>";
		};
		02E068A00E21419AB5B6DC52 /* Common */ = {
			isa = PBXGroup;
			children = (
				78F61848F68C4F25BE683D2E /* FlowLayout.swift */,
				7D5940C480A847AFB850B38B /* RenameSourceSheet.swift */,
				B24874994D514EEB8507B534 /* SourcePicker.swift */,
				F5666D9F1B8645179F75BFEB /* StatusBar.swift */,
				4507A730E6D442BE85FB1A49 /* VaultToolbar.swift */,
			);
			path = "Common";
			sourceTree = "<group>";
		};
		6B05610B5B484F468D99270D /* Detail */ = {
			isa = PBXGroup;
			children = (
				DEE7DB3937A0401A8C97E19B /* DetailComponents.swift */,
				AC0C963ED12E4A32A1C2AD16 /* DetailPanel.swift */,
			);
			path = "Detail";
			sourceTree = "<group>";
		};
		56DD59048128496EB83A7B59 /* Filter */ = {
			isa = PBXGroup;
			children = (
				CF52BB1D2E894031B46BA025 /* FilterBar.swift */,
			);
			path = "Filter";
			sourceTree = "<group>";
		};
		CD62A48E97B3424AB8B29A7F /* Home */ = {
			isa = PBXGroup;
			children = (
				D54AB5ECFB0B4A56BDFF11FA /* HomeView.swift */,
			);
			path = "Home";
			sourceTree = "<group>";
		};
		A90001E3172D41D9B99EB46E /* Projects */ = {
			isa = PBXGroup;
			children = (
				25745BEF81AD49C7B6838B9E /* NewProjectSheet.swift */,
				C39F930D47BE4529B96D064A /* ProjectView.swift */,
			);
			path = "Projects";
			sourceTree = "<group>";
		};
		D64D8396759B424AAA1FB77E /* Settings */ = {
			isa = PBXGroup;
			children = (
				B429EFE967F147C39EC9BF6C /* SettingsView.swift */,
			);
			path = "Settings";
			sourceTree = "<group>";
		};
		4610B02E162F46C88F236C9F /* Sidebar */ = {
			isa = PBXGroup;
			children = (
				D6E1837531C649248B1E66E3 /* SidebarView.swift */,
			);
			path = "Sidebar";
			sourceTree = "<group>";
		};
		FD066BC266524F7DB80EF143 /* Views */ = {
			isa = PBXGroup;
			children = (
				5149B1A5F9AF4043A1382CFA /* Browser */,
				02E068A00E21419AB5B6DC52 /* Common */,
				6B05610B5B484F468D99270D /* Detail */,
				56DD59048128496EB83A7B59 /* Filter */,
				CD62A48E97B3424AB8B29A7F /* Home */,
				A90001E3172D41D9B99EB46E /* Projects */,
				D64D8396759B424AAA1FB77E /* Settings */,
				4610B02E162F46C88F236C9F /* Sidebar */,
				34E8E02854B04DC9AC70AA7C /* ContentView.swift */,
			);
			path = "Views";
			sourceTree = "<group>";
		};
		C42DF87CC29943659458F64A /* TheVault */ = {
			isa = PBXGroup;
			children = (
				666616953C134DE18EB19183 /* DragDrop */,
				961CB672195A47DFABD10292 /* Ingestion */,
				C403EE39E8F444D1858EA87C /* Models */,
				67709FECBE1D49EFBDCEB95A /* Persistence */,
				98F8B2CD981C4570A7752415 /* Resources */,
				EF7D3D857D4B456084CA8720 /* Stores */,
				D7C0E1876F474422BAB2105E /* Utilities */,
				FD066BC266524F7DB80EF143 /* Views */,
				47F3467158064505A09EC062 /* AppDelegate.swift */,
				EF88563FEB094B81BFE528D8 /* TheVault.entitlements */,
				B3168A6F5F104DA8842AC472 /* TheVaultApp.swift */,
			);
			path = "TheVault";
			sourceTree = "<group>";
		};
		523A2820761E4AB1A9052A4A /* Products */ = {
			isa = PBXGroup;
			children = (
				0CD9A81617C9451887FBB0E2 /* The Vault.app */,
			);
			name = Products;
			sourceTree = "<group>";
		};
		B20ACB798FF34DEEB4ECE7B7 = {
			isa = PBXGroup;
			children = (
				C42DF87CC29943659458F64A /* TheVault */,
				523A2820761E4AB1A9052A4A /* Products */,
			);
			sourceTree = "<group>";
		};
/* End PBXGroup section */

/* Begin PBXNativeTarget section */
		815AAA9428CE416DA5D55817 /* The Vault */ = {
			isa = PBXNativeTarget;
			buildConfigurationList = 37EB5B5C610E46C4A94D19A8 /* Build configuration list for PBXNativeTarget */;
			buildPhases = (
				0BE6F61CED6448659EEEBEAD /* Sources */,
				2A2BE985B0B943F0841BD5E3 /* Frameworks */,
				20295A2C8CF644589AAF22B9 /* Resources */,
			);
			buildRules = (
			);
			dependencies = (
			);
			name = "The Vault";
			productName = "The Vault";
			productReference = 0CD9A81617C9451887FBB0E2 /* The Vault.app */;
			productType = "com.apple.product-type.application";
		};
/* End PBXNativeTarget section */

/* Begin PBXProject section */
		8D9819E9DFC14765AF36DBF8 /* Project object */ = {
			isa = PBXProject;
			attributes = {
				BuildIndependentTargetsInParallel = 1;
				LastSwiftUpdateCheck = 1500;
				LastUpgradeCheck = 1500;
				TargetAttributes = {
					815AAA9428CE416DA5D55817 = { CreatedOnToolsVersion = 15.0; };
				};
			};
			buildConfigurationList = AE756646FF2740FF920FC37D /* Build configuration list for PBXProject */;
			compatibilityVersion = "Xcode 14.0";
			developmentRegion = en;
			hasScannedForEncodings = 0;
			knownRegions = (
				en,
				Base,
			);
			mainGroup = B20ACB798FF34DEEB4ECE7B7;
			productRefGroup = 523A2820761E4AB1A9052A4A /* Products */;
			projectDirPath = "";
			projectRoot = "";
			targets = (
				815AAA9428CE416DA5D55817 /* The Vault */,
			);
		};
/* End PBXProject section */

/* Begin PBXResourcesBuildPhase section */
		20295A2C8CF644589AAF22B9 /* Resources */ = {
			isa = PBXResourcesBuildPhase;
			buildActionMask = 2147483647;
			files = (
				EFE1EC7BA9F240B3B1B8E703 /* in Resources */,
			);
			runOnlyForDeploymentPostprocessing = 0;
		};
/* End PBXResourcesBuildPhase section */

/* Begin PBXSourcesBuildPhase section */
		0BE6F61CED6448659EEEBEAD /* Sources */ = {
			isa = PBXSourcesBuildPhase;
			buildActionMask = 2147483647;
			files = (
				46358EE6E1E047219244307E /* in Sources */,
				41167CE134414742BF3EC1FD /* in Sources */,
				7ED1901348F1485B80F99B5A /* in Sources */,
				910BE09643E94958BB03DBA9 /* in Sources */,
				10B66DDFDC4A40BFA9F49AC9 /* in Sources */,
				26A3A5CA38C840E78A064CBA /* in Sources */,
				C4B8DB51BEC84E46B0B4F049 /* in Sources */,
				3666228435064FEC8AD86704 /* in Sources */,
				2F8004F5194C424EBA4B1450 /* in Sources */,
				57E6074AE110474DAEBAD0B6 /* in Sources */,
				13DB4001A9EE414FB7CDD176 /* in Sources */,
				CC5EA510A9CE4EFBA258DD6E /* in Sources */,
				CB5F3C49A4344800BCF25563 /* in Sources */,
				6C20E10889DB47A29E75D3D4 /* in Sources */,
				65583DBF1B5C44609CE17FAC /* in Sources */,
				7D9CED3D301447A6A506FBDA /* in Sources */,
				DE60F99FAA9340DF89EE3E7A /* in Sources */,
				EAF3C9D4C271425BA14DB107 /* in Sources */,
				FDA9A8631A2B493E97C2BBFD /* in Sources */,
				21855AD0464F46AA9E7DBA11 /* in Sources */,
				A7944268C70549408627BE7F /* in Sources */,
				6FF6F1745F9248F0864996BC /* in Sources */,
				C6C4A9D9B96640B0AB59FC4F /* in Sources */,
				300BC45EE260480D862895B1 /* in Sources */,
				E96C7129972D4276AEA4E746 /* in Sources */,
				C016084AA1294F57B5595CD9 /* in Sources */,
				82298429EB62407EB2465C96 /* in Sources */,
				214E2624F4554DD99584D887 /* in Sources */,
				9E99F97B285E482BBD5D2FFF /* in Sources */,
				B1851B1AAF03453CA9C5907A /* in Sources */,
				0BB611332EBF4D65A5238052 /* in Sources */,
				70B879016BF549EFB68D6009 /* in Sources */,
				FBC46631FCBF4F7CA4389807 /* in Sources */,
				57A2AA051C3E4DF692B08A0B /* in Sources */,
				4F70C9861C7C4ACDB7568D09 /* in Sources */,
				ABF8F1CAC33A490B898387DD /* in Sources */,
				2D299A8109B543599FEE3756 /* in Sources */,
				F129FC16143345F3A739A9F7 /* in Sources */,
				E46D3E15C73A4A928FD7767D /* in Sources */,
				135915F0059040ECBEC018DD /* in Sources */,
				04E855815BAE42C7819B06B5 /* in Sources */,
				A9A7436F01D5499284B0D7BB /* in Sources */,
				B4CF27BD7DAD46E2B8C329B0 /* in Sources */,
				1D42454C309F454BB0EC6AD0 /* in Sources */,
				FB0C9160FC93426EBCD2EFE0 /* in Sources */,
				D4961DDB633A495EAEA92846 /* in Sources */,
				FBDFBB48066348E7A3067DB0 /* in Sources */,
				8ADA75E3E1FF4730904D21AB /* in Sources */,
			);
			runOnlyForDeploymentPostprocessing = 0;
		};
/* End PBXSourcesBuildPhase section */

/* Begin XCBuildConfiguration section */
		E1E94926432C4155AC64899E /* Debug */ = {
			isa = XCBuildConfiguration;
			buildSettings = {
				ALWAYS_SEARCH_USER_PATHS = NO;
				CLANG_ENABLE_MODULES = YES;
				CLANG_ENABLE_OBJC_ARC = YES;
				COPY_PHASE_STRIP = NO;
				DEBUG_INFORMATION_FORMAT = dwarf;
				ENABLE_STRICT_OBJC_MSGSEND = YES;
				GCC_NO_COMMON_BLOCKS = YES;
				MACOSX_DEPLOYMENT_TARGET = 13.0;
				SDKROOT = macosx;
				SWIFT_VERSION = 5.0;
				ONLY_ACTIVE_ARCH = YES;
				SWIFT_ACTIVE_COMPILATION_CONDITIONS = DEBUG;
				SWIFT_OPTIMIZATION_LEVEL = "-Onone";
				GCC_OPTIMIZATION_LEVEL = 0;
			};
			name = Debug;
		};
		1A37FA0B61FE436FBB7549EA /* Release */ = {
			isa = XCBuildConfiguration;
			buildSettings = {
				ALWAYS_SEARCH_USER_PATHS = NO;
				CLANG_ENABLE_MODULES = YES;
				CLANG_ENABLE_OBJC_ARC = YES;
				COPY_PHASE_STRIP = NO;
				DEBUG_INFORMATION_FORMAT = dwarf;
				ENABLE_STRICT_OBJC_MSGSEND = YES;
				GCC_NO_COMMON_BLOCKS = YES;
				MACOSX_DEPLOYMENT_TARGET = 13.0;
				SDKROOT = macosx;
				SWIFT_VERSION = 5.0;
				SWIFT_OPTIMIZATION_LEVEL = "-O";
				SWIFT_COMPILATION_MODE = wholemodule;
			};
			name = Release;
		};
		FD48A6EDEF96460B93EA676F /* Debug */ = {
			isa = XCBuildConfiguration;
			buildSettings = {
				ASSETCATALOG_COMPILER_APPICON_NAME = AppIcon;
				ASSETCATALOG_COMPILER_GLOBAL_ACCENT_COLOR_NAME = AccentColor;
				CODE_SIGN_ENTITLEMENTS = "TheVault/TheVault.entitlements";
				CODE_SIGN_IDENTITY = "-";
				CODE_SIGN_STYLE = Automatic;
				CURRENT_PROJECT_VERSION = 1;
				ENABLE_HARDENED_RUNTIME = YES;
				GENERATE_INFOPLIST_FILE = YES;
				INFOPLIST_KEY_CFBundleDisplayName = "The Vault";
				INFOPLIST_KEY_LSApplicationCategoryType = "public.app-category.photography";
				INFOPLIST_KEY_NSHumanReadableCopyright = "";
				INFOPLIST_KEY_NSPrincipalClass = NSApplication;
				MARKETING_VERSION = 1.0;
				PRODUCT_BUNDLE_IDENTIFIER = com.thevault.TheVault;
				PRODUCT_NAME = "The Vault";
				SWIFT_EMIT_LOC_STRINGS = YES;
				SWIFT_VERSION = 5.0;
				COMBINE_HIDPI_IMAGES = YES;
				LD_RUNPATH_SEARCH_PATHS = (
					"$(inherited)",
					"@executable_path/../Frameworks",
				);
			};
			name = Debug;
		};
		46285562637042E69F4CFFE8 /* Release */ = {
			isa = XCBuildConfiguration;
			buildSettings = {
				ASSETCATALOG_COMPILER_APPICON_NAME = AppIcon;
				ASSETCATALOG_COMPILER_GLOBAL_ACCENT_COLOR_NAME = AccentColor;
				CODE_SIGN_ENTITLEMENTS = "TheVault/TheVault.entitlements";
				CODE_SIGN_IDENTITY = "-";
				CODE_SIGN_STYLE = Automatic;
				CURRENT_PROJECT_VERSION = 1;
				ENABLE_HARDENED_RUNTIME = YES;
				GENERATE_INFOPLIST_FILE = YES;
				INFOPLIST_KEY_CFBundleDisplayName = "The Vault";
				INFOPLIST_KEY_LSApplicationCategoryType = "public.app-category.photography";
				INFOPLIST_KEY_NSHumanReadableCopyright = "";
				INFOPLIST_KEY_NSPrincipalClass = NSApplication;
				MARKETING_VERSION = 1.0;
				PRODUCT_BUNDLE_IDENTIFIER = com.thevault.TheVault;
				PRODUCT_NAME = "The Vault";
				SWIFT_EMIT_LOC_STRINGS = YES;
				SWIFT_VERSION = 5.0;
				COMBINE_HIDPI_IMAGES = YES;
				LD_RUNPATH_SEARCH_PATHS = (
					"$(inherited)",
					"@executable_path/../Frameworks",
				);
			};
			name = Release;
		};
/* End XCBuildConfiguration section */

/* Begin XCConfigurationList section */
		AE756646FF2740FF920FC37D /* Build configuration list for PBXProject */ = {
			isa = XCConfigurationList;
			buildConfigurations = (
				E1E94926432C4155AC64899E /* Debug */,
				1A37FA0B61FE436FBB7549EA /* Release */,
			);
			defaultConfigurationIsVisible = 0;
			defaultConfigurationName = Release;
		};
		37EB5B5C610E46C4A94D19A8 /* Build configuration list for PBXNativeTarget */ = {
			isa = XCConfigurationList;
			buildConfigurations = (
				FD48A6EDEF96460B93EA676F /* Debug */,
				46285562637042E69F4CFFE8 /* Release */,
			);
			defaultConfigurationIsVisible = 0;
			defaultConfigurationName = Release;
		};
/* End XCConfigurationList section */
	};
	rootObject = 8D9819E9DFC14765AF36DBF8 /* Project object */;
}
