// !$*UTF8*$!
{
	archiveVersion = 1;
	classes = {
	};
	objectVersion = 56;
	objects = {

/* Begin PBXBuildFile section */
		4498956D7C6E477292D4E53A /* AppDelegate.swift in Sources */ = {isa = PBXBuildFile; fileRef = 42164DAF6F5942D7A74CE975 /* AppDelegate.swift */; };
		FD241B261D484787805D8F51 /* TheVaultApp.swift in Sources */ = {isa = PBXBuildFile; fileRef = 92AB116392E04AEC8F996DB4 /* TheVaultApp.swift */; };
		A9073673AE974879ABFD5046 /* MediaDrag.swift in Sources */ = {isa = PBXBuildFile; fileRef = E5D3E3057F8D4912A0395959 /* MediaDrag.swift */; };
		68586ACFCA284AE280662F7C /* MediaDragSource.swift in Sources */ = {isa = PBXBuildFile; fileRef = 565B0E48A3C54D9FAFCEE936 /* MediaDragSource.swift */; };
		BD2D39301DC84DBC9C6A03CC /* AIContentTagger.swift in Sources */ = {isa = PBXBuildFile; fileRef = DA09A71C472B49CCBCD6AB6D /* AIContentTagger.swift */; };
		FB0CAD149ED44A6688D629F2 /* AIEnrichmentService.swift in Sources */ = {isa = PBXBuildFile; fileRef = 73A64543445F4F4EA7D99F46 /* AIEnrichmentService.swift */; };
		1EE524267FBE4757897B5A72 /* AnalysisService.swift in Sources */ = {isa = PBXBuildFile; fileRef = A495FF9FB05C4BFD81ED43F5 /* AnalysisService.swift */; };
		BA78D65F067B4925918DD5ED /* AudioAnalyzer.swift in Sources */ = {isa = PBXBuildFile; fileRef = 039D6EC2C70C46A4BDD89E19 /* AudioAnalyzer.swift */; };
		F8B5926716BD40588879EEB2 /* ClaudeContentTagger.swift in Sources */ = {isa = PBXBuildFile; fileRef = B7916CA00FA541C9884F910E /* ClaudeContentTagger.swift */; };
		E33899593C504A788EBFC977 /* IngestionService.swift in Sources */ = {isa = PBXBuildFile; fileRef = C0466F0590344F1C9DF15338 /* IngestionService.swift */; };
		AF413CA11823413F97809170 /* MetadataExtractor.swift in Sources */ = {isa = PBXBuildFile; fileRef = 83F6061A89B54AF697851FEE /* MetadataExtractor.swift */; };
		94C635DAE538484F92B000A0 /* OnDeviceAnalyzer.swift in Sources */ = {isa = PBXBuildFile; fileRef = AA321BF6D3004ADA86FEDAF3 /* OnDeviceAnalyzer.swift */; };
		0D36D11E8FC34ED5B78924FC /* ReverseGeocoder.swift in Sources */ = {isa = PBXBuildFile; fileRef = C6186017E62742B0BE9F920B /* ReverseGeocoder.swift */; };
		84CB50A6F29141D1BCA529CE /* ThumbnailService.swift in Sources */ = {isa = PBXBuildFile; fileRef = 531AEE8C27404C608C0CA64F /* ThumbnailService.swift */; };
		ECA6C827673848C4BE5DFF47 /* VolumeMonitor.swift in Sources */ = {isa = PBXBuildFile; fileRef = 00C837D031234BF38EA9F3A3 /* VolumeMonitor.swift */; };
		7580CB78818F4B0A946F133B /* MediaAnalysis.swift in Sources */ = {isa = PBXBuildFile; fileRef = 58E45EF3E24E499DB22ABE07 /* MediaAnalysis.swift */; };
		9BC93651E25348B799387775 /* MediaFilter.swift in Sources */ = {isa = PBXBuildFile; fileRef = CF566E4705AB4736BEDE7B10 /* MediaFilter.swift */; };
		EB4B975559984028B54C14B0 /* MediaItem.swift in Sources */ = {isa = PBXBuildFile; fileRef = DD779685AF034C26BF8E7367 /* MediaItem.swift */; };
		1C97E8FBD4E54962AF73690E /* Project.swift in Sources */ = {isa = PBXBuildFile; fileRef = C2B5F74E7348445191910E2A /* Project.swift */; };
		241E4A7BEA1F4FA1B66B5050 /* Source.swift in Sources */ = {isa = PBXBuildFile; fileRef = E52AE144475F4F9CACCAA13C /* Source.swift */; };
		DD6F500C5AD84E9A9E7D9067 /* Tag.swift in Sources */ = {isa = PBXBuildFile; fileRef = A124CFC66CA749EEAB926D76 /* Tag.swift */; };
		6E0BCE48F92A468395E77AD5 /* VaultDatabase.swift in Sources */ = {isa = PBXBuildFile; fileRef = BFD63FDAC47A4E5F9F96BA9D /* VaultDatabase.swift */; };
		945BAAAFE70B4ADFA75CE802 /* AppSettings.swift in Sources */ = {isa = PBXBuildFile; fileRef = A039694090B540BFAE5E1FB9 /* AppSettings.swift */; };
		484186E18A87425E96D55009 /* LibraryStore.swift in Sources */ = {isa = PBXBuildFile; fileRef = BEBB6373A10A48F085085D59 /* LibraryStore.swift */; };
		B88FCF775C92430A98859288 /* UIState.swift in Sources */ = {isa = PBXBuildFile; fileRef = 8EDE94B302154270B38317EE /* UIState.swift */; };
		C7A813D0DA274A209BD5FD98 /* Extensions.swift in Sources */ = {isa = PBXBuildFile; fileRef = A7B092D18158444E96829AB4 /* Extensions.swift */; };
		4E40FE05D4174B66901EC219 /* KeychainStore.swift in Sources */ = {isa = PBXBuildFile; fileRef = B92DA901614F4AA1921E53B0 /* KeychainStore.swift */; };
		386363DC7D2343B0A3E9742E /* Theme.swift in Sources */ = {isa = PBXBuildFile; fileRef = EB7B7202997540F1BF65E8CE /* Theme.swift */; };
		FDE2045E1B41412BA378FF98 /* ContentView.swift in Sources */ = {isa = PBXBuildFile; fileRef = D253D525B9CD4274BF7D9522 /* ContentView.swift */; };
		89AA311F3EA2467984235C4B /* BatchActionBar.swift in Sources */ = {isa = PBXBuildFile; fileRef = 91159CBBBE1E4458877BA25D /* BatchActionBar.swift */; };
		DC73BDB056434CEDB6B48724 /* MapBrowserView.swift in Sources */ = {isa = PBXBuildFile; fileRef = DC05DE97D5E04FB1BF70F05E /* MapBrowserView.swift */; };
		9DB2A280A88946F49CDC96D8 /* MediaContextMenu.swift in Sources */ = {isa = PBXBuildFile; fileRef = 6A71E2032F684E92BEA339EE /* MediaContextMenu.swift */; };
		6D016A078B0C431FA6D98B22 /* MediaGridView.swift in Sources */ = {isa = PBXBuildFile; fileRef = F606D4C6730848A4A042DB51 /* MediaGridView.swift */; };
		2BAF1ED5D4414C0FAC52C974 /* MediaThumbnailView.swift in Sources */ = {isa = PBXBuildFile; fileRef = E63B843656EB4BA78454C482 /* MediaThumbnailView.swift */; };
		28282DC278F84AA98EC0585F /* TimelineView.swift in Sources */ = {isa = PBXBuildFile; fileRef = A26568748EBE4E8992872BA6 /* TimelineView.swift */; };
		33C79010BF0A4236805B3A05 /* FlowLayout.swift in Sources */ = {isa = PBXBuildFile; fileRef = D5039F9BA35F4171A03ABAFB /* FlowLayout.swift */; };
		DF6D493D3E044A6CA08F8851 /* RenameSourceSheet.swift in Sources */ = {isa = PBXBuildFile; fileRef = 7A658443769E43B38B8021CA /* RenameSourceSheet.swift */; };
		0CFE4E16D0674401A11EE560 /* SourcePicker.swift in Sources */ = {isa = PBXBuildFile; fileRef = 6D1E4C0C4A2C4EFD95765D80 /* SourcePicker.swift */; };
		2E2E4E069B5E4B0EA431C3C9 /* StatusBar.swift in Sources */ = {isa = PBXBuildFile; fileRef = 251F9FBA662A45AEA674EAC1 /* StatusBar.swift */; };
		0882371FB23E457383EADB58 /* VaultToolbar.swift in Sources */ = {isa = PBXBuildFile; fileRef = E704453E42454526BA7EEEAD /* VaultToolbar.swift */; };
		AC20316BB6E34CC68A133E45 /* DetailComponents.swift in Sources */ = {isa = PBXBuildFile; fileRef = 2B2FC1B5D4934FE080A2D6E0 /* DetailComponents.swift */; };
		5416FE3D72154D52ACF4CCDF /* DetailPanel.swift in Sources */ = {isa = PBXBuildFile; fileRef = 9FAEE17AB2AE4B489491697D /* DetailPanel.swift */; };
		FC11CCFC8F5D4DDEBBBEDDDE /* FilterBar.swift in Sources */ = {isa = PBXBuildFile; fileRef = 70A8B5C79B74470D949EB874 /* FilterBar.swift */; };
		C09638C0147F40859E60901C /* HomeView.swift in Sources */ = {isa = PBXBuildFile; fileRef = 222CB05FB6E74037A679FA70 /* HomeView.swift */; };
		E01088AA953B4861BB142C72 /* NewProjectSheet.swift in Sources */ = {isa = PBXBuildFile; fileRef = 73A884D5584F4628B4241129 /* NewProjectSheet.swift */; };
		90E15DB4BF0B4EE1AA2A5D9A /* ProjectView.swift in Sources */ = {isa = PBXBuildFile; fileRef = 91DB53C7F1224467B4F3B7CD /* ProjectView.swift */; };
		0D61D086E20442519F716FFB /* SettingsView.swift in Sources */ = {isa = PBXBuildFile; fileRef = AB927013E759449EBA55A3E8 /* SettingsView.swift */; };
		260187A5A03A4AFB85B75A16 /* SidebarView.swift in Sources */ = {isa = PBXBuildFile; fileRef = 88515998DE6A455A9AEC48BD /* SidebarView.swift */; };
		1BCFA901C40B4DE084959E1C /* Assets.xcassets in Resources */ = {isa = PBXBuildFile; fileRef = 0800E3B25BBD44EA8910876A /* Assets.xcassets */; };
/* End PBXBuildFile section */

/* Begin PBXFileReference section */
		42164DAF6F5942D7A74CE975 /* AppDelegate.swift */ = {isa = PBXFileReference; lastKnownFileType = sourcecode.swift; path = "AppDelegate.swift"; sourceTree = "<group>"; };
		92AB116392E04AEC8F996DB4 /* TheVaultApp.swift */ = {isa = PBXFileReference; lastKnownFileType = sourcecode.swift; path = "TheVaultApp.swift"; sourceTree = "<group>"; };
		E0C02B42EB544B96A14B5936 /* TheVault.entitlements */ = {isa = PBXFileReference; lastKnownFileType = text.plist.entitlements; path = "TheVault.entitlements"; sourceTree = "<group>"; };
		E5D3E3057F8D4912A0395959 /* MediaDrag.swift */ = {isa = PBXFileReference; lastKnownFileType = sourcecode.swift; path = "MediaDrag.swift"; sourceTree = "<group>"; };
		565B0E48A3C54D9FAFCEE936 /* MediaDragSource.swift */ = {isa = PBXFileReference; lastKnownFileType = sourcecode.swift; path = "MediaDragSource.swift"; sourceTree = "<group>"; };
		DA09A71C472B49CCBCD6AB6D /* AIContentTagger.swift */ = {isa = PBXFileReference; lastKnownFileType = sourcecode.swift; path = "AIContentTagger.swift"; sourceTree = "<group>"; };
		73A64543445F4F4EA7D99F46 /* AIEnrichmentService.swift */ = {isa = PBXFileReference; lastKnownFileType = sourcecode.swift; path = "AIEnrichmentService.swift"; sourceTree = "<group>"; };
		A495FF9FB05C4BFD81ED43F5 /* AnalysisService.swift */ = {isa = PBXFileReference; lastKnownFileType = sourcecode.swift; path = "AnalysisService.swift"; sourceTree = "<group>"; };
		039D6EC2C70C46A4BDD89E19 /* AudioAnalyzer.swift */ = {isa = PBXFileReference; lastKnownFileType = sourcecode.swift; path = "AudioAnalyzer.swift"; sourceTree = "<group>"; };
		B7916CA00FA541C9884F910E /* ClaudeContentTagger.swift */ = {isa = PBXFileReference; lastKnownFileType = sourcecode.swift; path = "ClaudeContentTagger.swift"; sourceTree = "<group>"; };
		C0466F0590344F1C9DF15338 /* IngestionService.swift */ = {isa = PBXFileReference; lastKnownFileType = sourcecode.swift; path = "IngestionService.swift"; sourceTree = "<group>"; };
		83F6061A89B54AF697851FEE /* MetadataExtractor.swift */ = {isa = PBXFileReference; lastKnownFileType = sourcecode.swift; path = "MetadataExtractor.swift"; sourceTree = "<group>"; };
		AA321BF6D3004ADA86FEDAF3 /* OnDeviceAnalyzer.swift */ = {isa = PBXFileReference; lastKnownFileType = sourcecode.swift; path = "OnDeviceAnalyzer.swift"; sourceTree = "<group>"; };
		C6186017E62742B0BE9F920B /* ReverseGeocoder.swift */ = {isa = PBXFileReference; lastKnownFileType = sourcecode.swift; path = "ReverseGeocoder.swift"; sourceTree = "<group>"; };
		531AEE8C27404C608C0CA64F /* ThumbnailService.swift */ = {isa = PBXFileReference; lastKnownFileType = sourcecode.swift; path = "ThumbnailService.swift"; sourceTree = "<group>"; };
		00C837D031234BF38EA9F3A3 /* VolumeMonitor.swift */ = {isa = PBXFileReference; lastKnownFileType = sourcecode.swift; path = "VolumeMonitor.swift"; sourceTree = "<group>"; };
		58E45EF3E24E499DB22ABE07 /* MediaAnalysis.swift */ = {isa = PBXFileReference; lastKnownFileType = sourcecode.swift; path = "MediaAnalysis.swift"; sourceTree = "<group>"; };
		CF566E4705AB4736BEDE7B10 /* MediaFilter.swift */ = {isa = PBXFileReference; lastKnownFileType = sourcecode.swift; path = "MediaFilter.swift"; sourceTree = "<group>"; };
		DD779685AF034C26BF8E7367 /* MediaItem.swift */ = {isa = PBXFileReference; lastKnownFileType = sourcecode.swift; path = "MediaItem.swift"; sourceTree = "<group>"; };
		C2B5F74E7348445191910E2A /* Project.swift */ = {isa = PBXFileReference; lastKnownFileType = sourcecode.swift; path = "Project.swift"; sourceTree = "<group>"; };
		E52AE144475F4F9CACCAA13C /* Source.swift */ = {isa = PBXFileReference; lastKnownFileType = sourcecode.swift; path = "Source.swift"; sourceTree = "<group>"; };
		A124CFC66CA749EEAB926D76 /* Tag.swift */ = {isa = PBXFileReference; lastKnownFileType = sourcecode.swift; path = "Tag.swift"; sourceTree = "<group>"; };
		BFD63FDAC47A4E5F9F96BA9D /* VaultDatabase.swift */ = {isa = PBXFileReference; lastKnownFileType = sourcecode.swift; path = "VaultDatabase.swift"; sourceTree = "<group>"; };
		A039694090B540BFAE5E1FB9 /* AppSettings.swift */ = {isa = PBXFileReference; lastKnownFileType = sourcecode.swift; path = "AppSettings.swift"; sourceTree = "<group>"; };
		BEBB6373A10A48F085085D59 /* LibraryStore.swift */ = {isa = PBXFileReference; lastKnownFileType = sourcecode.swift; path = "LibraryStore.swift"; sourceTree = "<group>"; };
		8EDE94B302154270B38317EE /* UIState.swift */ = {isa = PBXFileReference; lastKnownFileType = sourcecode.swift; path = "UIState.swift"; sourceTree = "<group>"; };
		A7B092D18158444E96829AB4 /* Extensions.swift */ = {isa = PBXFileReference; lastKnownFileType = sourcecode.swift; path = "Extensions.swift"; sourceTree = "<group>"; };
		B92DA901614F4AA1921E53B0 /* KeychainStore.swift */ = {isa = PBXFileReference; lastKnownFileType = sourcecode.swift; path = "KeychainStore.swift"; sourceTree = "<group>"; };
		EB7B7202997540F1BF65E8CE /* Theme.swift */ = {isa = PBXFileReference; lastKnownFileType = sourcecode.swift; path = "Theme.swift"; sourceTree = "<group>"; };
		D253D525B9CD4274BF7D9522 /* ContentView.swift */ = {isa = PBXFileReference; lastKnownFileType = sourcecode.swift; path = "ContentView.swift"; sourceTree = "<group>"; };
		91159CBBBE1E4458877BA25D /* BatchActionBar.swift */ = {isa = PBXFileReference; lastKnownFileType = sourcecode.swift; path = "BatchActionBar.swift"; sourceTree = "<group>"; };
		DC05DE97D5E04FB1BF70F05E /* MapBrowserView.swift */ = {isa = PBXFileReference; lastKnownFileType = sourcecode.swift; path = "MapBrowserView.swift"; sourceTree = "<group>"; };
		6A71E2032F684E92BEA339EE /* MediaContextMenu.swift */ = {isa = PBXFileReference; lastKnownFileType = sourcecode.swift; path = "MediaContextMenu.swift"; sourceTree = "<group>"; };
		F606D4C6730848A4A042DB51 /* MediaGridView.swift */ = {isa = PBXFileReference; lastKnownFileType = sourcecode.swift; path = "MediaGridView.swift"; sourceTree = "<group>"; };
		E63B843656EB4BA78454C482 /* MediaThumbnailView.swift */ = {isa = PBXFileReference; lastKnownFileType = sourcecode.swift; path = "MediaThumbnailView.swift"; sourceTree = "<group>"; };
		A26568748EBE4E8992872BA6 /* TimelineView.swift */ = {isa = PBXFileReference; lastKnownFileType = sourcecode.swift; path = "TimelineView.swift"; sourceTree = "<group>"; };
		D5039F9BA35F4171A03ABAFB /* FlowLayout.swift */ = {isa = PBXFileReference; lastKnownFileType = sourcecode.swift; path = "FlowLayout.swift"; sourceTree = "<group>"; };
		7A658443769E43B38B8021CA /* RenameSourceSheet.swift */ = {isa = PBXFileReference; lastKnownFileType = sourcecode.swift; path = "RenameSourceSheet.swift"; sourceTree = "<group>"; };
		6D1E4C0C4A2C4EFD95765D80 /* SourcePicker.swift */ = {isa = PBXFileReference; lastKnownFileType = sourcecode.swift; path = "SourcePicker.swift"; sourceTree = "<group>"; };
		251F9FBA662A45AEA674EAC1 /* StatusBar.swift */ = {isa = PBXFileReference; lastKnownFileType = sourcecode.swift; path = "StatusBar.swift"; sourceTree = "<group>"; };
		E704453E42454526BA7EEEAD /* VaultToolbar.swift */ = {isa = PBXFileReference; lastKnownFileType = sourcecode.swift; path = "VaultToolbar.swift"; sourceTree = "<group>"; };
		2B2FC1B5D4934FE080A2D6E0 /* DetailComponents.swift */ = {isa = PBXFileReference; lastKnownFileType = sourcecode.swift; path = "DetailComponents.swift"; sourceTree = "<group>"; };
		9FAEE17AB2AE4B489491697D /* DetailPanel.swift */ = {isa = PBXFileReference; lastKnownFileType = sourcecode.swift; path = "DetailPanel.swift"; sourceTree = "<group>"; };
		70A8B5C79B74470D949EB874 /* FilterBar.swift */ = {isa = PBXFileReference; lastKnownFileType = sourcecode.swift; path = "FilterBar.swift"; sourceTree = "<group>"; };
		222CB05FB6E74037A679FA70 /* HomeView.swift */ = {isa = PBXFileReference; lastKnownFileType = sourcecode.swift; path = "HomeView.swift"; sourceTree = "<group>"; };
		73A884D5584F4628B4241129 /* NewProjectSheet.swift */ = {isa = PBXFileReference; lastKnownFileType = sourcecode.swift; path = "NewProjectSheet.swift"; sourceTree = "<group>"; };
		91DB53C7F1224467B4F3B7CD /* ProjectView.swift */ = {isa = PBXFileReference; lastKnownFileType = sourcecode.swift; path = "ProjectView.swift"; sourceTree = "<group>"; };
		AB927013E759449EBA55A3E8 /* SettingsView.swift */ = {isa = PBXFileReference; lastKnownFileType = sourcecode.swift; path = "SettingsView.swift"; sourceTree = "<group>"; };
		88515998DE6A455A9AEC48BD /* SidebarView.swift */ = {isa = PBXFileReference; lastKnownFileType = sourcecode.swift; path = "SidebarView.swift"; sourceTree = "<group>"; };
		0800E3B25BBD44EA8910876A /* Assets.xcassets */ = {isa = PBXFileReference; lastKnownFileType = folder.assetcatalog; path = "Assets.xcassets"; sourceTree = "<group>"; };
		9B8DDAEE14B04775A2C73CCC /* The Vault.app */ = {isa = PBXFileReference; explicitFileType = wrapper.application; includeInIndex = 0; path = "The Vault.app"; sourceTree = BUILT_PRODUCTS_DIR; };
/* End PBXFileReference section */

/* Begin PBXFrameworksBuildPhase section */
		C62A22CF85C34FB4BFA21694 /* Frameworks */ = {
			isa = PBXFrameworksBuildPhase;
			buildActionMask = 2147483647;
			files = (
			);
			runOnlyForDeploymentPostprocessing = 0;
		};
/* End PBXFrameworksBuildPhase section */

/* Begin PBXGroup section */
		D92ADD6A3DB74695A2BB315B /* DragDrop */ = {
			isa = PBXGroup;
			children = (
				E5D3E3057F8D4912A0395959 /* MediaDrag.swift */,
				565B0E48A3C54D9FAFCEE936 /* MediaDragSource.swift */,
			);
			path = "DragDrop";
			sourceTree = "<group>";
		};
		3B4CE24CD0D14C5A88A2E7E8 /* Ingestion */ = {
			isa = PBXGroup;
			children = (
				DA09A71C472B49CCBCD6AB6D /* AIContentTagger.swift */,
				73A64543445F4F4EA7D99F46 /* AIEnrichmentService.swift */,
				A495FF9FB05C4BFD81ED43F5 /* AnalysisService.swift */,
				039D6EC2C70C46A4BDD89E19 /* AudioAnalyzer.swift */,
				B7916CA00FA541C9884F910E /* ClaudeContentTagger.swift */,
				C0466F0590344F1C9DF15338 /* IngestionService.swift */,
				83F6061A89B54AF697851FEE /* MetadataExtractor.swift */,
				AA321BF6D3004ADA86FEDAF3 /* OnDeviceAnalyzer.swift */,
				C6186017E62742B0BE9F920B /* ReverseGeocoder.swift */,
				531AEE8C27404C608C0CA64F /* ThumbnailService.swift */,
				00C837D031234BF38EA9F3A3 /* VolumeMonitor.swift */,
			);
			path = "Ingestion";
			sourceTree = "<group>";
		};
		1EBA7B0D5CEE47C59A6F1F3B /* Models */ = {
			isa = PBXGroup;
			children = (
				58E45EF3E24E499DB22ABE07 /* MediaAnalysis.swift */,
				CF566E4705AB4736BEDE7B10 /* MediaFilter.swift */,
				DD779685AF034C26BF8E7367 /* MediaItem.swift */,
				C2B5F74E7348445191910E2A /* Project.swift */,
				E52AE144475F4F9CACCAA13C /* Source.swift */,
				A124CFC66CA749EEAB926D76 /* Tag.swift */,
			);
			path = "Models";
			sourceTree = "<group>";
		};
		BE423C936D1742678EF991CD /* Persistence */ = {
			isa = PBXGroup;
			children = (
				BFD63FDAC47A4E5F9F96BA9D /* VaultDatabase.swift */,
			);
			path = "Persistence";
			sourceTree = "<group>";
		};
		E58D85E23AC649AF83E62DB8 /* Resources */ = {
			isa = PBXGroup;
			children = (
				0800E3B25BBD44EA8910876A /* Assets.xcassets */,
			);
			path = "Resources";
			sourceTree = "<group>";
		};
		3F4DB0B775CE4D8480D702E6 /* Stores */ = {
			isa = PBXGroup;
			children = (
				A039694090B540BFAE5E1FB9 /* AppSettings.swift */,
				BEBB6373A10A48F085085D59 /* LibraryStore.swift */,
				8EDE94B302154270B38317EE /* UIState.swift */,
			);
			path = "Stores";
			sourceTree = "<group>";
		};
		EB98AA904BAF44C5BE53A7ED /* Utilities */ = {
			isa = PBXGroup;
			children = (
				A7B092D18158444E96829AB4 /* Extensions.swift */,
				B92DA901614F4AA1921E53B0 /* KeychainStore.swift */,
				EB7B7202997540F1BF65E8CE /* Theme.swift */,
			);
			path = "Utilities";
			sourceTree = "<group>";
		};
		6A766D0ED04149B486C8467A /* Browser */ = {
			isa = PBXGroup;
			children = (
				91159CBBBE1E4458877BA25D /* BatchActionBar.swift */,
				DC05DE97D5E04FB1BF70F05E /* MapBrowserView.swift */,
				6A71E2032F684E92BEA339EE /* MediaContextMenu.swift */,
				F606D4C6730848A4A042DB51 /* MediaGridView.swift */,
				E63B843656EB4BA78454C482 /* MediaThumbnailView.swift */,
				A26568748EBE4E8992872BA6 /* TimelineView.swift */,
			);
			path = "Browser";
			sourceTree = "<group>";
		};
		4B71E26F503F4F75A2CDA01F /* Common */ = {
			isa = PBXGroup;
			children = (
				D5039F9BA35F4171A03ABAFB /* FlowLayout.swift */,
				7A658443769E43B38B8021CA /* RenameSourceSheet.swift */,
				6D1E4C0C4A2C4EFD95765D80 /* SourcePicker.swift */,
				251F9FBA662A45AEA674EAC1 /* StatusBar.swift */,
				E704453E42454526BA7EEEAD /* VaultToolbar.swift */,
			);
			path = "Common";
			sourceTree = "<group>";
		};
		E30C802CC77C429EA63EB89E /* Detail */ = {
			isa = PBXGroup;
			children = (
				2B2FC1B5D4934FE080A2D6E0 /* DetailComponents.swift */,
				9FAEE17AB2AE4B489491697D /* DetailPanel.swift */,
			);
			path = "Detail";
			sourceTree = "<group>";
		};
		9827FA9D086A431CBFB59A41 /* Filter */ = {
			isa = PBXGroup;
			children = (
				70A8B5C79B74470D949EB874 /* FilterBar.swift */,
			);
			path = "Filter";
			sourceTree = "<group>";
		};
		956A1A714F4B4D45B750F89E /* Home */ = {
			isa = PBXGroup;
			children = (
				222CB05FB6E74037A679FA70 /* HomeView.swift */,
			);
			path = "Home";
			sourceTree = "<group>";
		};
		731F7374C0004EC685AE00B5 /* Projects */ = {
			isa = PBXGroup;
			children = (
				73A884D5584F4628B4241129 /* NewProjectSheet.swift */,
				91DB53C7F1224467B4F3B7CD /* ProjectView.swift */,
			);
			path = "Projects";
			sourceTree = "<group>";
		};
		616F6D43A3D54E70BACD9941 /* Settings */ = {
			isa = PBXGroup;
			children = (
				AB927013E759449EBA55A3E8 /* SettingsView.swift */,
			);
			path = "Settings";
			sourceTree = "<group>";
		};
		6E99A4DB1BA743DD9EB2B194 /* Sidebar */ = {
			isa = PBXGroup;
			children = (
				88515998DE6A455A9AEC48BD /* SidebarView.swift */,
			);
			path = "Sidebar";
			sourceTree = "<group>";
		};
		39A296ED679A4C80BB3C8016 /* Views */ = {
			isa = PBXGroup;
			children = (
				6A766D0ED04149B486C8467A /* Browser */,
				4B71E26F503F4F75A2CDA01F /* Common */,
				E30C802CC77C429EA63EB89E /* Detail */,
				9827FA9D086A431CBFB59A41 /* Filter */,
				956A1A714F4B4D45B750F89E /* Home */,
				731F7374C0004EC685AE00B5 /* Projects */,
				616F6D43A3D54E70BACD9941 /* Settings */,
				6E99A4DB1BA743DD9EB2B194 /* Sidebar */,
				D253D525B9CD4274BF7D9522 /* ContentView.swift */,
			);
			path = "Views";
			sourceTree = "<group>";
		};
		2AB59CA7D5CD43CA91A59A84 /* TheVault */ = {
			isa = PBXGroup;
			children = (
				D92ADD6A3DB74695A2BB315B /* DragDrop */,
				3B4CE24CD0D14C5A88A2E7E8 /* Ingestion */,
				1EBA7B0D5CEE47C59A6F1F3B /* Models */,
				BE423C936D1742678EF991CD /* Persistence */,
				E58D85E23AC649AF83E62DB8 /* Resources */,
				3F4DB0B775CE4D8480D702E6 /* Stores */,
				EB98AA904BAF44C5BE53A7ED /* Utilities */,
				39A296ED679A4C80BB3C8016 /* Views */,
				42164DAF6F5942D7A74CE975 /* AppDelegate.swift */,
				E0C02B42EB544B96A14B5936 /* TheVault.entitlements */,
				92AB116392E04AEC8F996DB4 /* TheVaultApp.swift */,
			);
			path = "TheVault";
			sourceTree = "<group>";
		};
		3BAD2A0A98CB4001858B0E70 /* Products */ = {
			isa = PBXGroup;
			children = (
				9B8DDAEE14B04775A2C73CCC /* The Vault.app */,
			);
			name = Products;
			sourceTree = "<group>";
		};
		1E2C04B848A644398EBE0681 = {
			isa = PBXGroup;
			children = (
				2AB59CA7D5CD43CA91A59A84 /* TheVault */,
				3BAD2A0A98CB4001858B0E70 /* Products */,
			);
			sourceTree = "<group>";
		};
/* End PBXGroup section */

/* Begin PBXNativeTarget section */
		3C57A92E228B44C7A6B28121 /* The Vault */ = {
			isa = PBXNativeTarget;
			buildConfigurationList = 36D6D74291F94BD2AB1C48D8 /* Build configuration list for PBXNativeTarget */;
			buildPhases = (
				A3660E68E53E4EDF8956BEAD /* Sources */,
				C62A22CF85C34FB4BFA21694 /* Frameworks */,
				0D1C401E41B5495D98460101 /* Resources */,
			);
			buildRules = (
			);
			dependencies = (
			);
			name = "The Vault";
			productName = "The Vault";
			productReference = 9B8DDAEE14B04775A2C73CCC /* The Vault.app */;
			productType = "com.apple.product-type.application";
		};
/* End PBXNativeTarget section */

/* Begin PBXProject section */
		8A061038F1CF44D9A8C1620F /* Project object */ = {
			isa = PBXProject;
			attributes = {
				BuildIndependentTargetsInParallel = 1;
				LastSwiftUpdateCheck = 1500;
				LastUpgradeCheck = 1500;
				TargetAttributes = {
					3C57A92E228B44C7A6B28121 = { CreatedOnToolsVersion = 15.0; };
				};
			};
			buildConfigurationList = D19969FAB0844BBF8DCF9C43 /* Build configuration list for PBXProject */;
			compatibilityVersion = "Xcode 14.0";
			developmentRegion = en;
			hasScannedForEncodings = 0;
			knownRegions = (
				en,
				Base,
			);
			mainGroup = 1E2C04B848A644398EBE0681;
			productRefGroup = 3BAD2A0A98CB4001858B0E70 /* Products */;
			projectDirPath = "";
			projectRoot = "";
			targets = (
				3C57A92E228B44C7A6B28121 /* The Vault */,
			);
		};
/* End PBXProject section */

/* Begin PBXResourcesBuildPhase section */
		0D1C401E41B5495D98460101 /* Resources */ = {
			isa = PBXResourcesBuildPhase;
			buildActionMask = 2147483647;
			files = (
				1BCFA901C40B4DE084959E1C /* in Resources */,
			);
			runOnlyForDeploymentPostprocessing = 0;
		};
/* End PBXResourcesBuildPhase section */

/* Begin PBXSourcesBuildPhase section */
		A3660E68E53E4EDF8956BEAD /* Sources */ = {
			isa = PBXSourcesBuildPhase;
			buildActionMask = 2147483647;
			files = (
				4498956D7C6E477292D4E53A /* in Sources */,
				A9073673AE974879ABFD5046 /* in Sources */,
				68586ACFCA284AE280662F7C /* in Sources */,
				BD2D39301DC84DBC9C6A03CC /* in Sources */,
				FB0CAD149ED44A6688D629F2 /* in Sources */,
				1EE524267FBE4757897B5A72 /* in Sources */,
				BA78D65F067B4925918DD5ED /* in Sources */,
				F8B5926716BD40588879EEB2 /* in Sources */,
				E33899593C504A788EBFC977 /* in Sources */,
				AF413CA11823413F97809170 /* in Sources */,
				94C635DAE538484F92B000A0 /* in Sources */,
				0D36D11E8FC34ED5B78924FC /* in Sources */,
				84CB50A6F29141D1BCA529CE /* in Sources */,
				ECA6C827673848C4BE5DFF47 /* in Sources */,
				7580CB78818F4B0A946F133B /* in Sources */,
				9BC93651E25348B799387775 /* in Sources */,
				EB4B975559984028B54C14B0 /* in Sources */,
				1C97E8FBD4E54962AF73690E /* in Sources */,
				241E4A7BEA1F4FA1B66B5050 /* in Sources */,
				DD6F500C5AD84E9A9E7D9067 /* in Sources */,
				6E0BCE48F92A468395E77AD5 /* in Sources */,
				945BAAAFE70B4ADFA75CE802 /* in Sources */,
				484186E18A87425E96D55009 /* in Sources */,
				B88FCF775C92430A98859288 /* in Sources */,
				FD241B261D484787805D8F51 /* in Sources */,
				C7A813D0DA274A209BD5FD98 /* in Sources */,
				4E40FE05D4174B66901EC219 /* in Sources */,
				386363DC7D2343B0A3E9742E /* in Sources */,
				89AA311F3EA2467984235C4B /* in Sources */,
				DC73BDB056434CEDB6B48724 /* in Sources */,
				9DB2A280A88946F49CDC96D8 /* in Sources */,
				6D016A078B0C431FA6D98B22 /* in Sources */,
				2BAF1ED5D4414C0FAC52C974 /* in Sources */,
				28282DC278F84AA98EC0585F /* in Sources */,
				33C79010BF0A4236805B3A05 /* in Sources */,
				DF6D493D3E044A6CA08F8851 /* in Sources */,
				0CFE4E16D0674401A11EE560 /* in Sources */,
				2E2E4E069B5E4B0EA431C3C9 /* in Sources */,
				0882371FB23E457383EADB58 /* in Sources */,
				FDE2045E1B41412BA378FF98 /* in Sources */,
				AC20316BB6E34CC68A133E45 /* in Sources */,
				5416FE3D72154D52ACF4CCDF /* in Sources */,
				FC11CCFC8F5D4DDEBBBEDDDE /* in Sources */,
				C09638C0147F40859E60901C /* in Sources */,
				E01088AA953B4861BB142C72 /* in Sources */,
				90E15DB4BF0B4EE1AA2A5D9A /* in Sources */,
				0D61D086E20442519F716FFB /* in Sources */,
				260187A5A03A4AFB85B75A16 /* in Sources */,
			);
			runOnlyForDeploymentPostprocessing = 0;
		};
/* End PBXSourcesBuildPhase section */

/* Begin XCBuildConfiguration section */
		2C0355559F684036BC2A0548 /* Debug */ = {
			isa = XCBuildConfiguration;
			buildSettings = {
				ALWAYS_SEARCH_USER_PATHS = NO;
				CLANG_ENABLE_MODULES = YES;
				CLANG_ENABLE_OBJC_ARC = YES;
				COPY_PHASE_STRIP = NO;
				DEBUG_INFORMATION_FORMAT = dwarf;
				ENABLE_STRICT_OBJC_MSGSEND = YES;
				GCC_NO_COMMON_BLOCKS = YES;
				MACOSX_DEPLOYMENT_TARGET = 13.0;
				SDKROOT = macosx;
				SWIFT_VERSION = 5.0;
				ONLY_ACTIVE_ARCH = YES;
				SWIFT_ACTIVE_COMPILATION_CONDITIONS = DEBUG;
				SWIFT_OPTIMIZATION_LEVEL = "-Onone";
				GCC_OPTIMIZATION_LEVEL = 0;
			};
			name = Debug;
		};
		EC5F00DD3E434EE7A7160986 /* Release */ = {
			isa = XCBuildConfiguration;
			buildSettings = {
				ALWAYS_SEARCH_USER_PATHS = NO;
				CLANG_ENABLE_MODULES = YES;
				CLANG_ENABLE_OBJC_ARC = YES;
				COPY_PHASE_STRIP = NO;
				DEBUG_INFORMATION_FORMAT = dwarf;
				ENABLE_STRICT_OBJC_MSGSEND = YES;
				GCC_NO_COMMON_BLOCKS = YES;
				MACOSX_DEPLOYMENT_TARGET = 13.0;
				SDKROOT = macosx;
				SWIFT_VERSION = 5.0;
				SWIFT_OPTIMIZATION_LEVEL = "-O";
				SWIFT_COMPILATION_MODE = wholemodule;
			};
			name = Release;
		};
		067F36AD47E8415B820ACEE1 /* Debug */ = {
			isa = XCBuildConfiguration;
			buildSettings = {
				ASSETCATALOG_COMPILER_APPICON_NAME = AppIcon;
				ASSETCATALOG_COMPILER_GLOBAL_ACCENT_COLOR_NAME = AccentColor;
				CODE_SIGN_ENTITLEMENTS = "TheVault/TheVault.entitlements";
				CODE_SIGN_IDENTITY = "-";
				CODE_SIGN_STYLE = Automatic;
				CURRENT_PROJECT_VERSION = 1;
				ENABLE_HARDENED_RUNTIME = YES;
				GENERATE_INFOPLIST_FILE = YES;
				INFOPLIST_KEY_CFBundleDisplayName = "The Vault";
				INFOPLIST_KEY_LSApplicationCategoryType = "public.app-category.photography";
				INFOPLIST_KEY_NSHumanReadableCopyright = "";
				INFOPLIST_KEY_NSPrincipalClass = NSApplication;
				MARKETING_VERSION = 1.0;
				PRODUCT_BUNDLE_IDENTIFIER = com.thevault.TheVault;
				PRODUCT_NAME = "The Vault";
				SWIFT_EMIT_LOC_STRINGS = YES;
				SWIFT_VERSION = 5.0;
				COMBINE_HIDPI_IMAGES = YES;
				LD_RUNPATH_SEARCH_PATHS = (
					"$(inherited)",
					"@executable_path/../Frameworks",
				);
			};
			name = Debug;
		};
		BE76DEDD641C4B8A91FFEC92 /* Release */ = {
			isa = XCBuildConfiguration;
			buildSettings = {
				ASSETCATALOG_COMPILER_APPICON_NAME = AppIcon;
				ASSETCATALOG_COMPILER_GLOBAL_ACCENT_COLOR_NAME = AccentColor;
				CODE_SIGN_ENTITLEMENTS = "TheVault/TheVault.entitlements";
				CODE_SIGN_IDENTITY = "-";
				CODE_SIGN_STYLE = Automatic;
				CURRENT_PROJECT_VERSION = 1;
				ENABLE_HARDENED_RUNTIME = YES;
				GENERATE_INFOPLIST_FILE = YES;
				INFOPLIST_KEY_CFBundleDisplayName = "The Vault";
				INFOPLIST_KEY_LSApplicationCategoryType = "public.app-category.photography";
				INFOPLIST_KEY_NSHumanReadableCopyright = "";
				INFOPLIST_KEY_NSPrincipalClass = NSApplication;
				MARKETING_VERSION = 1.0;
				PRODUCT_BUNDLE_IDENTIFIER = com.thevault.TheVault;
				PRODUCT_NAME = "The Vault";
				SWIFT_EMIT_LOC_STRINGS = YES;
				SWIFT_VERSION = 5.0;
				COMBINE_HIDPI_IMAGES = YES;
				LD_RUNPATH_SEARCH_PATHS = (
					"$(inherited)",
					"@executable_path/../Frameworks",
				);
			};
			name = Release;
		};
/* End XCBuildConfiguration section */

/* Begin XCConfigurationList section */
		D19969FAB0844BBF8DCF9C43 /* Build configuration list for PBXProject */ = {
			isa = XCConfigurationList;
			buildConfigurations = (
				2C0355559F684036BC2A0548 /* Debug */,
				EC5F00DD3E434EE7A7160986 /* Release */,
			);
			defaultConfigurationIsVisible = 0;
			defaultConfigurationName = Release;
		};
		36D6D74291F94BD2AB1C48D8 /* Build configuration list for PBXNativeTarget */ = {
			isa = XCConfigurationList;
			buildConfigurations = (
				067F36AD47E8415B820ACEE1 /* Debug */,
				BE76DEDD641C4B8A91FFEC92 /* Release */,
			);
			defaultConfigurationIsVisible = 0;
			defaultConfigurationName = Release;
		};
/* End XCConfigurationList section */
	};
	rootObject = 8A061038F1CF44D9A8C1620F /* Project object */;
}
